{
  "name": "coc-pairs",
  "version": "1.4.3",
  "lockfileVersion": 3,
  "requires": true,
  "packages": {
    "": {
      "name": "coc-pairs",
      "version": "1.4.3",
      "license": "MIT",
      "devDependencies": {
        "@chemzqm/tsconfig": "^0.0.3",
        "@types/node": "^16.18",
        "coc.nvim": "^0.0.83-next.19"
      },
      "engines": {
        "coc": "^0.0.80"
      }
    },
    "node_modules/@chemzqm/tsconfig": {
      "version": "0.0.3",
      "dev": true,
      "license": "MIT"
    },
    "node_modules/@types/node": {
      "version": "16.18.126",
      "resolved": "https://registry.npmjs.org/@types/node/-/node-16.18.126.tgz",
      "integrity": "sha512-OTcgaiwfGFBKacvfwuHzzn1KLxH/er8mluiy8/uM3sGXHaRe73RrSIj01jow9t4kJEW633Ov+cOexXeiApTyAw==",
      "dev": true,
      "license": "MIT"
    },
    "node_modules/coc.nvim": {
      "version": "0.0.83-next.19",
      "resolved": "https://registry.npmjs.org/coc.nvim/-/coc.nvim-0.0.83-next.19.tgz",
      "integrity": "sha512-OuIti7VPDecpaumEx+2M7v6G0SCOIxskbMKPD3G0b3z+3lqx/fzP/WJvDdPJTJ6LvEimlmvIsRKWoyTncqhmHg==",
      "dev": true,
      "license": "MIT",
      "engines": {
        "node": ">=16.18.0"
      },
      "funding": {
        "type": "opencollective",
        "url": "https://opencollective.com/cocnvim"
      },
      "peerDependencies": {
        "@types/node": "^16.18.0"
      }
    }
  }
}
