# THIS IS AN AUTOGENERATED FILE. DO NOT EDIT THIS FILE DIRECTLY.
# yarn lockfile v1


"@chemzqm/tsconfig@^0.0.3":
  version "0.0.3"
  resolved "https://registry.yarnpkg.com/@chemzqm/tsconfig/-/tsconfig-0.0.3.tgz#ce3480d15d8cec46a315488caa07c9fca819aecc"
  integrity sha512-MjF25vbqLYR+S+JJLgBi0vn4gZqv/C87H+yPSlVKEqlIJAJOGJOgFPUFvRS7pdRHqkv2flX/oRxzxhlu2V0X1w==

"@types/node@^12.12.0":
  version "12.20.38"
  resolved "https://registry.yarnpkg.com/@types/node/-/node-12.20.38.tgz#74801983c0558a7a31a4ead18bce2edded2b0e2f"
  integrity sha512-NxmtBRGipjx1B225OeMdI+CQmLbYqvvmYbukDTJGDgzIDgPQ1EcjGmYxGhOk5hTBqeB558S6RgHSpq2iiqifAQ==

coc.nvim@^0.0.83-next.16:
  version "0.0.83-next.16"
  resolved "https://registry.yarnpkg.com/coc.nvim/-/coc.nvim-0.0.83-next.16.tgz#dfe0faf489a80bf65d6e529cfb364a362413c940"
  integrity sha512-1SNjwTJty4OQGiKYXCSo79qjgB75k7FxKgL+od1P8A8Zd/sMqmfo8gDIz7nPyTlSNtV5IHDytg09cKqke2r9Vw==

typescript@^4.9.3:
  version "4.9.4"
  resolved "https://registry.yarnpkg.com/typescript/-/typescript-4.9.4.tgz#a2a3d2756c079abda241d75f149df9d561091e78"
  integrity sha512-Uz+dTXYzxXXbsFpM86Wh3dKCxrQqUcVMxwU54orwlJjOpO3ao8L7j5lH+dWfTwgCwIuM9GQ2kvVotzYJMXTBZg==
